
Microsoft Visual Studio Solution File, Format Version 12.00
# Visual Studio 15
VisualStudioVersion = 15.0.28010.2046
MinimumVisualStudioVersion = 10.0.40219.1
Project("{FAE04EC0-301F-11D3-BF4B-00C04F79EFBC}") = "task_DEV5", "task_DEV5\task_DEV5.csproj", "{118B7B1F-9ECE-4E95-91CE-CEF441434B3A}"
EndProject
Global
	GlobalSection(SolutionConfigurationPlatforms) = preSolution
		Debug|Any CPU = Debug|Any CPU
		Release|Any CPU = Release|Any CPU
	EndGlobalSection
	GlobalSection(ProjectConfigurationPlatforms) = postSolution
		{118B7B1F-9ECE-4E95-91CE-CEF441434B3A}.Debug|Any CPU.ActiveCfg = Debug|Any CPU
		{118B7B1F-9ECE-4E95-91CE-CEF441434B3A}.Debug|Any CPU.Build.0 = Debug|Any CPU
		{118B7B1F-9ECE-4E95-91CE-CEF441434B3A}.Release|Any CPU.ActiveCfg = Release|Any CPU
		{118B7B1F-9ECE-4E95-91CE-CEF441434B3A}.Release|Any CPU.Build.0 = Release|Any CPU
	EndGlobalSection
	GlobalSection(SolutionProperties) = preSolution
		HideSolutionNode = FALSE
	EndGlobalSection
	GlobalSection(ExtensibilityGlobals) = postSolution
		SolutionGuid = {3D2FA3F2-B0EA-499C-B7FB-1709B57EE562}
	EndGlobalSection
EndGlobal
