
Microsoft Visual Studio Solution File, Format Version 12.00
# Visual Studio 15
VisualStudioVersion = 15.0.28010.2046
MinimumVisualStudioVersion = 10.0.40219.1
Project("{FAE04EC0-301F-11D3-BF4B-00C04F79EFBC}") = "taskDEV3", "taskDEV3\taskDEV3.csproj", "{16B34393-7413-4AB0-B07B-95042B4B90C0}"
EndProject
Global
	GlobalSection(SolutionConfigurationPlatforms) = preSolution
		Debug|Any CPU = Debug|Any CPU
		Release|Any CPU = Release|Any CPU
	EndGlobalSection
	GlobalSection(ProjectConfigurationPlatforms) = postSolution
		{16B34393-7413-4AB0-B07B-95042B4B90C0}.Debug|Any CPU.ActiveCfg = Debug|Any CPU
		{16B34393-7413-4AB0-B07B-95042B4B90C0}.Debug|Any CPU.Build.0 = Debug|Any CPU
		{16B34393-7413-4AB0-B07B-95042B4B90C0}.Release|Any CPU.ActiveCfg = Release|Any CPU
		{16B34393-7413-4AB0-B07B-95042B4B90C0}.Release|Any CPU.Build.0 = Release|Any CPU
	EndGlobalSection
	GlobalSection(SolutionProperties) = preSolution
		HideSolutionNode = FALSE
	EndGlobalSection
	GlobalSection(ExtensibilityGlobals) = postSolution
		SolutionGuid = {7F34E31B-3696-4E1D-8F04-3CE4B9D3019E}
	EndGlobalSection
EndGlobal
